{
    "_meta": {
        "hash": {
            "sha256": "a7e523cc5eb1500ec03ea567ed4d629bbf3c4aba4f3f13139590d2514227bd49"
        },
        "pipfile-spec": 6,
        "requires": {
            "python_version": "3.6"
        },
        "sources": [
            {
                "name": "pypi",
                "url": "https://pypi.python.org/simple",
                "verify_ssl": true
            }
        ]
    },
    "default": {
        "elasticsearch": {
            "hashes": [
                "sha256:c621f2272bb2f000d228dc7016d058a1f90f15babdc938240b9f2d13690222db",
                "sha256:cf6cf834b6d0172dac5e704c398a11d1917cf61f15d32b79b1ddad4cd673c4b1"
            ],
            "index": "pypi",
            "version": "==7.0.0"
        },
        "urllib3": {
            "hashes": [
                "sha256:a53063d8b9210a7bdec15e7b272776b9d42b2fd6816401a0d43006ad2f9902db",
                "sha256:d363e3607d8de0c220d31950a8f38b18d5ba7c0830facd71a1c6b1036b7ce06c"
            ],
            "version": "==1.25.2"
        }
    },
    "develop": {}
}
